{
  "nodes": {
    "nixpkgs": {
      "locked": {
        "lastModified": 1771928805,
        "narHash": "sha256-L4V+ofiAXqe6SEaSIizUtvIz+syESsli0+5a9y18HK0=",
        "owner": "NixOS",
        "repo": "nixpkgs",
        "rev": "779eb990f76914b0c6cec2561d41c46b3a582aff",
        "type": "github"
      },
      "original": {
        "owner": "NixOS",
        "repo": "nixpkgs",
        "type": "github"
      }
    },
    "root": {
      "inputs": {
        "nixpkgs": "nixpkgs"
      }
    }
  },
  "root": "root",
  "version": 7
}
