dependencies:
- name: redis
  repository: https://charts.bitnami.com/bitnami
  version: 21.2.14
- name: webdav
  repository: https://walnuss0815.github.io/helm-charts
  version: 0.1.3
- name: tika
  repository: https://walnuss0815.github.io/helm-charts
  version: 0.1.1
- name: gotenberg
  repository: https://walnuss0815.github.io/helm-charts
  version: 0.1.0
- name: paperless-ai
  repository: https://walnuss0815.github.io/helm-charts
  version: 0.1.0
digest: sha256:f22c1ac96bc2c0eda4c168d5f243ec2e011afd52851b0f5f3216925bf5e8df92
generated: "2026-04-11T22:24:10.688896426Z"
