dependencies:
- name: redis
  repository: https://charts.bitnami.com/bitnami
  version: 28.0.0
- name: webdav
  repository: https://walnuss0815.github.io/helm-charts
  version: 0.1.4
- name: tika
  repository: https://walnuss0815.github.io/helm-charts
  version: 0.1.2
- name: gotenberg
  repository: https://walnuss0815.github.io/helm-charts
  version: 0.1.5
digest: sha256:b1aae8a73b50f88b1c70c5e6add26c31f8773401579bcbd2f4731bac15d2444c
generated: "2026-08-07T09:53:24.289780587Z"
