dependencies:
- name: redis
  repository: https://charts.bitnami.com/bitnami
  version: 21.2.14
- name: webdav
  repository: https://walnuss0815.github.io/helm-charts
  version: 0.1.0
- name: tika
  repository: https://walnuss0815.github.io/helm-charts
  version: 0.1.0
- name: gotenberg
  repository: https://walnuss0815.github.io/helm-charts
  version: 0.1.0
- name: paperless-ai
  repository: https://walnuss0815.github.io/helm-charts
  version: 0.1.0
digest: sha256:4749bf6d053886752b64db9610a01797a34aa06378013b77ec4e3ca4638819aa
generated: "2026-02-26T23:10:26.24078204+01:00"
