dependencies:
- name: valkey
  repository: https://valkey.io/valkey-helm/
  version: 0.12.0
- name: immich-upload-optimizer
  repository: https://walnuss0815.github.io/helm-charts
  version: 0.1.0
digest: sha256:6e416a8c5c379d614120ed10414782c036f5ee897aa1ad1e77c85d0d9c30359a
generated: "2026-09-06T21:51:57.102869896Z"
